<?xml version="1.0" encoding="UTF-8" standalone="yes" ?>
<CodeBlocks_project_file>
	<FileVersion major="1" minor="6" />
	<Project>
		<Option title="bho" />
		<Option pch_mode="2" />
		<Option compiler="gcc" />
		<Option virtualFolders="Audio\;functions\;Game\;Interface\;Object\;Online\;Render\;Game\Pattern\;Object\Lava\;" />
		<Build>
			<Target title="Debug">
				<Option output="bin/bho" prefix_auto="1" extension_auto="1" />
				<Option working_dir="bin/" />
				<Option object_output="obj/Debug/" />
				<Option type="0" />
				<Option compiler="gcc" />
				<Compiler>
					<Add option="-g" />
				</Compiler>
				<Linker>
					<Add library="C:\Program Files (x86)\CodeBlocks\SDL-1.2.15\lib\libSDL.dll.a" />
					<Add library="C:\Program Files (x86)\CodeBlocks\SDL-1.2.15\lib\x86\SDL_image.lib" />
					<Add library="C:\Program Files (x86)\CodeBlocks\MinGW\lib\fmodex_vc.lib" />
					<Add library="C:\Program Files (x86)\CodeBlocks\MinGW\lib\libopengl32.a" />
					<Add library="C:\Program Files (x86)\CodeBlocks\MinGW\lib\libglu32.a" />
					<Add library="C:\Program Files (x86)\CodeBlocks\MinGW\lib\libpthread.a" />
					<Add library="C:\Program Files (x86)\CodeBlocks\MinGW\lib\libfreetype.dll.a" />
				</Linker>
			</Target>
			<Target title="Release">
				<Option output="bin/Release/bho" prefix_auto="1" extension_auto="1" />
				<Option object_output="obj/Release/" />
				<Option type="0" />
				<Option compiler="gcc" />
				<Compiler>
					<Add option="-O2" />
				</Compiler>
				<Linker>
					<Add option="-s" />
				</Linker>
			</Target>
		</Build>
		<Compiler>
			<Add option="-Wall" />
			<Add directory="C:/Program Files (x86)/CodeBlocks/SDL-1.2.15/include" />
		</Compiler>
		<Linker>
			<Add library="mingw32" />
			<Add library="SDLmain" />
			<Add library="SDL.dll" />
			<Add library="user32" />
			<Add library="gdi32" />
			<Add library="winmm" />
			<Add library="dxguid" />
			<Add library="C:\Program Files (x86)\CodeBlocks\MinGW\lib\libws2_32.a" />
			<Add directory="C:/Program Files (x86)/CodeBlocks/SDL-1.2.15/lib" />
		</Linker>
		<Unit filename="Block.cpp">
			<Option virtualFolder="Object/" />
		</Unit>
		<Unit filename="Block.h">
			<Option virtualFolder="Object/" />
		</Unit>
		<Unit filename="Bonus.cpp">
			<Option virtualFolder="Object/" />
		</Unit>
		<Unit filename="Bonus.h">
			<Option virtualFolder="Object/" />
		</Unit>
		<Unit filename="Bubble.cpp">
			<Option virtualFolder="Object/Lava/" />
		</Unit>
		<Unit filename="Bubble.h">
			<Option virtualFolder="Object/Lava/" />
		</Unit>
		<Unit filename="Camera.cpp">
			<Option virtualFolder="Render/" />
		</Unit>
		<Unit filename="Camera.h">
			<Option virtualFolder="Render/" />
		</Unit>
		<Unit filename="Character.cpp">
			<Option virtualFolder="Object/" />
		</Unit>
		<Unit filename="Character.h">
			<Option virtualFolder="Object/" />
		</Unit>
		<Unit filename="Chat.cpp">
			<Option virtualFolder="Interface/" />
		</Unit>
		<Unit filename="Chat.h">
			<Option virtualFolder="Interface/" />
		</Unit>
		<Unit filename="Client.cpp">
			<Option virtualFolder="Online/" />
		</Unit>
		<Unit filename="Client.h">
			<Option virtualFolder="Online/" />
		</Unit>
		<Unit filename="Collision.cpp">
			<Option virtualFolder="Game/" />
		</Unit>
		<Unit filename="Collision.h">
			<Option virtualFolder="Game/" />
		</Unit>
		<Unit filename="DRDampingSpring.cpp">
			<Option virtualFolder="functions/" />
		</Unit>
		<Unit filename="DRDampingSpring.h">
			<Option virtualFolder="functions/" />
		</Unit>
		<Unit filename="Fog.cpp">
			<Option virtualFolder="Render/" />
		</Unit>
		<Unit filename="Fog.h">
			<Option virtualFolder="Render/" />
		</Unit>
		<Unit filename="FreeType.cpp">
			<Option virtualFolder="Interface/" />
		</Unit>
		<Unit filename="FreeType.h">
			<Option virtualFolder="Interface/" />
		</Unit>
		<Unit filename="GTexture.cpp">
			<Option virtualFolder="Render/" />
		</Unit>
		<Unit filename="GTexture.h">
			<Option virtualFolder="Render/" />
		</Unit>
		<Unit filename="GTime.cpp">
			<Option virtualFolder="functions/" />
		</Unit>
		<Unit filename="GTime.h">
			<Option virtualFolder="functions/" />
		</Unit>
		<Unit filename="Game.cpp">
			<Option virtualFolder="Game/" />
		</Unit>
		<Unit filename="Game.h">
			<Option virtualFolder="Game/" />
		</Unit>
		<Unit filename="Gsounds.cpp">
			<Option virtualFolder="Audio/" />
		</Unit>
		<Unit filename="Gsounds.h">
			<Option virtualFolder="Audio/" />
		</Unit>
		<Unit filename="Interface.cpp">
			<Option virtualFolder="Interface/" />
		</Unit>
		<Unit filename="Interface.h">
			<Option virtualFolder="Interface/" />
		</Unit>
		<Unit filename="Lava.cpp">
			<Option virtualFolder="Object/Lava/" />
		</Unit>
		<Unit filename="Lava.h">
			<Option virtualFolder="Object/Lava/" />
		</Unit>
		<Unit filename="LifeBar.cpp">
			<Option virtualFolder="Interface/" />
		</Unit>
		<Unit filename="LifeBar.h">
			<Option virtualFolder="Interface/" />
		</Unit>
		<Unit filename="Map.cpp">
			<Option virtualFolder="Game/" />
		</Unit>
		<Unit filename="Map.h">
			<Option virtualFolder="Game/" />
		</Unit>
		<Unit filename="Object.cpp">
			<Option virtualFolder="Object/" />
		</Unit>
		<Unit filename="Object.h">
			<Option virtualFolder="Object/" />
		</Unit>
		<Unit filename="Online.cpp">
			<Option virtualFolder="Online/" />
		</Unit>
		<Unit filename="Online.h">
			<Option virtualFolder="Online/" />
		</Unit>
		<Unit filename="PatBeams.cpp">
			<Option virtualFolder="Game/Pattern/" />
		</Unit>
		<Unit filename="PatBeams.h">
			<Option virtualFolder="Game/Pattern/" />
		</Unit>
		<Unit filename="PatBigBlocks.cpp">
			<Option virtualFolder="Game/Pattern/" />
		</Unit>
		<Unit filename="PatBigBlocks.h">
			<Option virtualFolder="Game/Pattern/" />
		</Unit>
		<Unit filename="PatDark.cpp">
			<Option virtualFolder="Game/Pattern/" />
		</Unit>
		<Unit filename="PatDark.h">
			<Option virtualFolder="Game/Pattern/" />
		</Unit>
		<Unit filename="PatEndPhase.cpp">
			<Option virtualFolder="Game/Pattern/" />
		</Unit>
		<Unit filename="PatEndPhase.h">
			<Option virtualFolder="Game/Pattern/" />
		</Unit>
		<Unit filename="PatHookAround.cpp">
			<Option virtualFolder="Game/Pattern/" />
		</Unit>
		<Unit filename="PatHookAround.h">
			<Option virtualFolder="Game/Pattern/" />
		</Unit>
		<Unit filename="PatLetsGo.cpp">
			<Option virtualFolder="Game/Pattern/" />
		</Unit>
		<Unit filename="PatLetsGo.h">
			<Option virtualFolder="Game/Pattern/" />
		</Unit>
		<Unit filename="PatMidBlocks.cpp">
			<Option virtualFolder="Game/Pattern/" />
		</Unit>
		<Unit filename="PatMidBlocks.h">
			<Option virtualFolder="Game/Pattern/" />
		</Unit>
		<Unit filename="PatStill.cpp">
			<Option virtualFolder="Game/Pattern/" />
		</Unit>
		<Unit filename="PatStill.h">
			<Option virtualFolder="Game/Pattern/" />
		</Unit>
		<Unit filename="Pattern.cpp">
			<Option virtualFolder="Game/" />
		</Unit>
		<Unit filename="Pattern.h">
			<Option virtualFolder="Game/" />
		</Unit>
		<Unit filename="Phase.cpp">
			<Option virtualFolder="Game/" />
		</Unit>
		<Unit filename="Phase.h">
			<Option virtualFolder="Game/" />
		</Unit>
		<Unit filename="Player.cpp">
			<Option virtualFolder="Object/" />
		</Unit>
		<Unit filename="Player.h">
			<Option virtualFolder="Object/" />
		</Unit>
		<Unit filename="README.md" />
		<Unit filename="Rope.cpp">
			<Option virtualFolder="Object/" />
		</Unit>
		<Unit filename="Rope.h">
			<Option virtualFolder="Object/" />
		</Unit>
		<Unit filename="Server.cpp">
			<Option virtualFolder="Online/" />
		</Unit>
		<Unit filename="Server.h">
			<Option virtualFolder="Online/" />
		</Unit>
		<Unit filename="SocketWrapper.cpp">
			<Option virtualFolder="Online/" />
		</Unit>
		<Unit filename="SocketWrapper.h">
			<Option virtualFolder="Online/" />
		</Unit>
		<Unit filename="Sound.cpp">
			<Option virtualFolder="Audio/" />
		</Unit>
		<Unit filename="Sound.h">
			<Option virtualFolder="Audio/" />
		</Unit>
		<Unit filename="Texte.cpp">
			<Option virtualFolder="Interface/" />
		</Unit>
		<Unit filename="Texte.h">
			<Option virtualFolder="Interface/" />
		</Unit>
		<Unit filename="Texture.cpp">
			<Option virtualFolder="Render/" />
		</Unit>
		<Unit filename="Texture.h">
			<Option virtualFolder="Render/" />
		</Unit>
		<Unit filename="Vector3D.cpp">
			<Option virtualFolder="functions/" />
		</Unit>
		<Unit filename="Vector3D.h">
			<Option virtualFolder="functions/" />
		</Unit>
		<Unit filename="Video.cpp">
			<Option virtualFolder="Render/" />
		</Unit>
		<Unit filename="Video.h">
			<Option virtualFolder="Render/" />
		</Unit>
		<Unit filename="Wall.cpp">
			<Option virtualFolder="Object/" />
		</Unit>
		<Unit filename="Wall.h">
			<Option virtualFolder="Object/" />
		</Unit>
		<Unit filename="cb.bmp" />
		<Unit filename="main.cpp" />
		<Unit filename="psnblal.depend" />
		<Unit filename="psnblal.layout" />
		<Unit filename="sdlglutils.cpp">
			<Option virtualFolder="functions/" />
		</Unit>
		<Unit filename="sdlglutils.h">
			<Option virtualFolder="functions/" />
		</Unit>
		<Unit filename="shaders/fragmentShader.fsh" />
		<Unit filename="shaders/fragmentShaderBlur.fsh" />
		<Unit filename="shaders/fragmentShaderRed.fsh" />
		<Unit filename="shaders/vertexShader.vsh" />
		<Unit filename="shaders/vertexShaderBlur.vsh" />
		<Unit filename="shaders/vertexShaderRed.vsh" />
		<Unit filename="threadStructures.cpp">
			<Option virtualFolder="Online/" />
		</Unit>
		<Unit filename="threadStructures.h">
			<Option virtualFolder="Online/" />
		</Unit>
		<Unit filename="utilFunctions.cpp">
			<Option virtualFolder="functions/" />
		</Unit>
		<Unit filename="utilFunctions.h">
			<Option virtualFolder="functions/" />
		</Unit>
		<Unit filename="version.h" />
		<Extensions>
			<code_completion />
			<envvars />
			<debugger />
		</Extensions>
	</Project>
</CodeBlocks_project_file>
